
Microsoft Visual Studio Solution File, Format Version 12.00
# Visual Studio Version 17
VisualStudioVersion = 17.6.33829.357
MinimumVisualStudioVersion = 10.0.40219.1
Project("{FAE04EC0-301F-11D3-BF4B-00C04F79EFBC}") = "TK2CommunityBot", "TK2CommunityBot\TK2CommunityBot.csproj", "{CF50233A-9C39-4D44-BE82-5E465AE6C5FF}"
EndProject
Project("{FAE04EC0-301F-11D3-BF4B-00C04F79EFBC}") = "TK2ClassesGenerator", "TK2ClassesGenerator\TK2ClassesGenerator.csproj", "{4D659773-0C09-4935-B790-078BD875F663}"
EndProject
Global
	GlobalSection(SolutionConfigurationPlatforms) = preSolution
		Debug|Any CPU = Debug|Any CPU
		Release|Any CPU = Release|Any CPU
	EndGlobalSection
	GlobalSection(ProjectConfigurationPlatforms) = postSolution
		{CF50233A-9C39-4D44-BE82-5E465AE6C5FF}.Debug|Any CPU.ActiveCfg = Debug|Any CPU
		{CF50233A-9C39-4D44-BE82-5E465AE6C5FF}.Debug|Any CPU.Build.0 = Debug|Any CPU
		{CF50233A-9C39-4D44-BE82-5E465AE6C5FF}.Release|Any CPU.ActiveCfg = Release|Any CPU
		{CF50233A-9C39-4D44-BE82-5E465AE6C5FF}.Release|Any CPU.Build.0 = Release|Any CPU
		{4D659773-0C09-4935-B790-078BD875F663}.Debug|Any CPU.ActiveCfg = Debug|Any CPU
		{4D659773-0C09-4935-B790-078BD875F663}.Debug|Any CPU.Build.0 = Debug|Any CPU
		{4D659773-0C09-4935-B790-078BD875F663}.Release|Any CPU.ActiveCfg = Release|Any CPU
		{4D659773-0C09-4935-B790-078BD875F663}.Release|Any CPU.Build.0 = Release|Any CPU
	EndGlobalSection
	GlobalSection(SolutionProperties) = preSolution
		HideSolutionNode = FALSE
	EndGlobalSection
	GlobalSection(ExtensibilityGlobals) = postSolution
		SolutionGuid = {76BC4C33-8AB8-4F80-B6B3-FEDCF2A951B8}
	EndGlobalSection
EndGlobal
